// !$*UTF8*$!
{
	archiveVersion = 1;
	classes = {
	};
	objectVersion = 56;
	objects = {

/* Begin PBXBuildFile section */
		3392B4540179723E2B480390 /* Pods_Cart.framework in Frameworks */ = {isa = PBXBuildFile; fileRef = 24E08D0555D03CD9E5DF84AF /* Pods_Cart.framework */; };
		A08CD7E12AD5369E0039D5EB /* Cart.docc in Sources */ = {isa = PBXBuildFile; fileRef = A08CD7E02AD5369E0039D5EB /* Cart.docc */; };
		A08CD7E22AD5369E0039D5EB /* Cart.h in Headers */ = {isa = PBXBuildFile; fileRef = A08CD7DF2AD5369E0039D5EB /* Cart.h */; settings = {ATTRIBUTES = (Public, ); }; };
		A08CD7EF2AD537130039D5EB /* HelloCart.swift in Sources */ = {isa = PBXBuildFile; fileRef = A08CD7EE2AD537130039D5EB /* HelloCart.swift */; };
		A08CD7F52AD53AB50039D5EB /* CartView.swift in Sources */ = {isa = PBXBuildFile; fileRef = A08CD7F42AD53AB50039D5EB /* CartView.swift */; };
		A08CD7F92AD546E20039D5EB /* Common.framework in Frameworks */ = {isa = PBXBuildFile; fileRef = A08CD7F82AD546E20039D5EB /* Common.framework */; };
		A08CD84B2AD5B9EB0039D5EB /* Core.framework in Frameworks */ = {isa = PBXBuildFile; fileRef = A08CD84A2AD5B9EB0039D5EB /* Core.framework */; };
/* End PBXBuildFile section */

/* Begin PBXFileReference section */
		062A357773D3C87F2D5C5A5F /* Pods-Cart.release.xcconfig */ = {isa = PBXFileReference; includeInIndex = 1; lastKnownFileType = text.xcconfig; name = "Pods-Cart.release.xcconfig"; path = "Target Support Files/Pods-Cart/Pods-Cart.release.xcconfig"; sourceTree = "<group>"; };
		24E08D0555D03CD9E5DF84AF /* Pods_Cart.framework */ = {isa = PBXFileReference; explicitFileType = wrapper.framework; includeInIndex = 0; path = Pods_Cart.framework; sourceTree = BUILT_PRODUCTS_DIR; };
		3DC21D449CFCF07F7A6C8274 /* Pods-Cart.debug.xcconfig */ = {isa = PBXFileReference; includeInIndex = 1; lastKnownFileType = text.xcconfig; name = "Pods-Cart.debug.xcconfig"; path = "Target Support Files/Pods-Cart/Pods-Cart.debug.xcconfig"; sourceTree = "<group>"; };
		A08CD7DC2AD5369E0039D5EB /* Cart.framework */ = {isa = PBXFileReference; explicitFileType = wrapper.framework; includeInIndex = 0; path = Cart.framework; sourceTree = BUILT_PRODUCTS_DIR; };
		A08CD7DF2AD5369E0039D5EB /* Cart.h */ = {isa = PBXFileReference; lastKnownFileType = sourcecode.c.h; path = Cart.h; sourceTree = "<group>"; };
		A08CD7E02AD5369E0039D5EB /* Cart.docc */ = {isa = PBXFileReference; lastKnownFileType = folder.documentationcatalog; path = Cart.docc; sourceTree = "<group>"; };
		A08CD7EE2AD537130039D5EB /* HelloCart.swift */ = {isa = PBXFileReference; lastKnownFileType = sourcecode.swift; path = HelloCart.swift; sourceTree = "<group>"; };
		A08CD7F42AD53AB50039D5EB /* CartView.swift */ = {isa = PBXFileReference; fileEncoding = 4; lastKnownFileType = sourcecode.swift; path = CartView.swift; sourceTree = "<group>"; };
		A08CD7F82AD546E20039D5EB /* Common.framework */ = {isa = PBXFileReference; explicitFileType = wrapper.framework; path = Common.framework; sourceTree = BUILT_PRODUCTS_DIR; };
		A08CD84A2AD5B9EB0039D5EB /* Core.framework */ = {isa = PBXFileReference; explicitFileType = wrapper.framework; path = Core.framework; sourceTree = BUILT_PRODUCTS_DIR; };
/* End PBXFileReference section */

/* Begin PBXFrameworksBuildPhase section */
		A08CD7D92AD5369E0039D5EB /* Frameworks */ = {
			isa = PBXFrameworksBuildPhase;
			buildActionMask = 2147483647;
			files = (
				3392B4540179723E2B480390 /* Pods_Cart.framework in Frameworks */,
				A08CD84B2AD5B9EB0039D5EB /* Core.framework in Frameworks */,
				A08CD7F92AD546E20039D5EB /* Common.framework in Frameworks */,
			);
			runOnlyForDeploymentPostprocessing = 0;
		};
/* End PBXFrameworksBuildPhase section */

/* Begin PBXGroup section */
		20F8E89B30BCBFB59D3BD99C /* Pods */ = {
			isa = PBXGroup;
			children = (
				3DC21D449CFCF07F7A6C8274 /* Pods-Cart.debug.xcconfig */,
				062A357773D3C87F2D5C5A5F /* Pods-Cart.release.xcconfig */,
			);
			name = Pods;
			path = ../App/Pods;
			sourceTree = "<group>";
		};
		A08CD7D22AD5369E0039D5EB = {
			isa = PBXGroup;
			children = (
				A08CD7DE2AD5369E0039D5EB /* Cart */,
				A08CD7DD2AD5369E0039D5EB /* Products */,
				20F8E89B30BCBFB59D3BD99C /* Pods */,
				BF4AD5BC15AFC1F898261739 /* Frameworks */,
			);
			sourceTree = "<group>";
		};
		A08CD7DD2AD5369E0039D5EB /* Products */ = {
			isa = PBXGroup;
			children = (
				A08CD7DC2AD5369E0039D5EB /* Cart.framework */,
			);
			name = Products;
			sourceTree = "<group>";
		};
		A08CD7DE2AD5369E0039D5EB /* Cart */ = {
			isa = PBXGroup;
			children = (
				A08CD7F42AD53AB50039D5EB /* CartView.swift */,
				A08CD7DF2AD5369E0039D5EB /* Cart.h */,
				A08CD7E02AD5369E0039D5EB /* Cart.docc */,
				A08CD7EE2AD537130039D5EB /* HelloCart.swift */,
			);
			path = Cart;
			sourceTree = "<group>";
		};
		BF4AD5BC15AFC1F898261739 /* Frameworks */ = {
			isa = PBXGroup;
			children = (
				A08CD84A2AD5B9EB0039D5EB /* Core.framework */,
				A08CD7F82AD546E20039D5EB /* Common.framework */,
				24E08D0555D03CD9E5DF84AF /* Pods_Cart.framework */,
			);
			name = Frameworks;
			sourceTree = "<group>";
		};
/* End PBXGroup section */

/* Begin PBXHeadersBuildPhase section */
		A08CD7D72AD5369E0039D5EB /* Headers */ = {
			isa = PBXHeadersBuildPhase;
			buildActionMask = 2147483647;
			files = (
				A08CD7E22AD5369E0039D5EB /* Cart.h in Headers */,
			);
			runOnlyForDeploymentPostprocessing = 0;
		};
/* End PBXHeadersBuildPhase section */

/* Begin PBXNativeTarget section */
		A08CD7DB2AD5369E0039D5EB /* Cart */ = {
			isa = PBXNativeTarget;
			buildConfigurationList = A08CD7E52AD5369E0039D5EB /* Build configuration list for PBXNativeTarget "Cart" */;
			buildPhases = (
				7DB32CA37641E9EE27C24155 /* [CP] Check Pods Manifest.lock */,
				A08CD7D72AD5369E0039D5EB /* Headers */,
				A08CD7D82AD5369E0039D5EB /* Sources */,
				A08CD7D92AD5369E0039D5EB /* Frameworks */,
				A08CD7DA2AD5369E0039D5EB /* Resources */,
			);
			buildRules = (
			);
			dependencies = (
			);
			name = Cart;
			productName = Cart;
			productReference = A08CD7DC2AD5369E0039D5EB /* Cart.framework */;
			productType = "com.apple.product-type.framework";
		};
/* End PBXNativeTarget section */

/* Begin PBXProject section */
		A08CD7D32AD5369E0039D5EB /* Project object */ = {
			isa = PBXProject;
			attributes = {
				BuildIndependentTargetsInParallel = 1;
				LastUpgradeCheck = 1430;
				TargetAttributes = {
					A08CD7DB2AD5369E0039D5EB = {
						CreatedOnToolsVersion = 14.3.1;
					};
				};
			};
			buildConfigurationList = A08CD7D62AD5369E0039D5EB /* Build configuration list for PBXProject "Cart" */;
			compatibilityVersion = "Xcode 14.0";
			developmentRegion = en;
			hasScannedForEncodings = 0;
			knownRegions = (
				en,
				Base,
			);
			mainGroup = A08CD7D22AD5369E0039D5EB;
			productRefGroup = A08CD7DD2AD5369E0039D5EB /* Products */;
			projectDirPath = "";
			projectRoot = "";
			targets = (
				A08CD7DB2AD5369E0039D5EB /* Cart */,
			);
		};
/* End PBXProject section */

/* Begin PBXResourcesBuildPhase section */
		A08CD7DA2AD5369E0039D5EB /* Resources */ = {
			isa = PBXResourcesBuildPhase;
			buildActionMask = 2147483647;
			files = (
			);
			runOnlyForDeploymentPostprocessing = 0;
		};
/* End PBXResourcesBuildPhase section */

/* Begin PBXShellScriptBuildPhase section */
		7DB32CA37641E9EE27C24155 /* [CP] Check Pods Manifest.lock */ = {
			isa = PBXShellScriptBuildPhase;
			buildActionMask = 2147483647;
			files = (
			);
			inputFileListPaths = (
			);
			inputPaths = (
				"${PODS_PODFILE_DIR_PATH}/Podfile.lock",
				"${PODS_ROOT}/Manifest.lock",
			);
			name = "[CP] Check Pods Manifest.lock";
			outputFileListPaths = (
			);
			outputPaths = (
				"$(DERIVED_FILE_DIR)/Pods-Cart-checkManifestLockResult.txt",
			);
			runOnlyForDeploymentPostprocessing = 0;
			shellPath = /bin/sh;
			shellScript = "diff \"${PODS_PODFILE_DIR_PATH}/Podfile.lock\" \"${PODS_ROOT}/Manifest.lock\" > /dev/null\nif [ $? != 0 ] ; then\n    # print error to STDERR\n    echo \"error: The sandbox is not in sync with the Podfile.lock. Run 'pod install' or update your CocoaPods installation.\" >&2\n    exit 1\nfi\n# This output is used by Xcode 'outputs' to avoid re-running this script phase.\necho \"SUCCESS\" > \"${SCRIPT_OUTPUT_FILE_0}\"\n";
			showEnvVarsInLog = 0;
		};
/* End PBXShellScriptBuildPhase section */

/* Begin PBXSourcesBuildPhase section */
		A08CD7D82AD5369E0039D5EB /* Sources */ = {
			isa = PBXSourcesBuildPhase;
			buildActionMask = 2147483647;
			files = (
				A08CD7F52AD53AB50039D5EB /* CartView.swift in Sources */,
				A08CD7EF2AD537130039D5EB /* HelloCart.swift in Sources */,
				A08CD7E12AD5369E0039D5EB /* Cart.docc in Sources */,
			);
			runOnlyForDeploymentPostprocessing = 0;
		};
/* End PBXSourcesBuildPhase section */

/* Begin XCBuildConfiguration section */
		A08CD7E32AD5369E0039D5EB /* Debug */ = {
			isa = XCBuildConfiguration;
			buildSettings = {
				ALWAYS_SEARCH_USER_PATHS = NO;
				CLANG_ANALYZER_NONNULL = YES;
				CLANG_ANALYZER_NUMBER_OBJECT_CONVERSION = YES_AGGRESSIVE;
				CLANG_CXX_LANGUAGE_STANDARD = "gnu++20";
				CLANG_ENABLE_MODULES = YES;
				CLANG_ENABLE_OBJC_ARC = YES;
				CLANG_ENABLE_OBJC_WEAK = YES;
				CLANG_WARN_BLOCK_CAPTURE_AUTORELEASING = YES;
				CLANG_WARN_BOOL_CONVERSION = YES;
				CLANG_WARN_COMMA = YES;
				CLANG_WARN_CONSTANT_CONVERSION = YES;
				CLANG_WARN_DEPRECATED_OBJC_IMPLEMENTATIONS = YES;
				CLANG_WARN_DIRECT_OBJC_ISA_USAGE = YES_ERROR;
				CLANG_WARN_DOCUMENTATION_COMMENTS = YES;
				CLANG_WARN_EMPTY_BODY = YES;
				CLANG_WARN_ENUM_CONVERSION = YES;
				CLANG_WARN_INFINITE_RECURSION = YES;
				CLANG_WARN_INT_CONVERSION = YES;
				CLANG_WARN_NON_LITERAL_NULL_CONVERSION = YES;
				CLANG_WARN_OBJC_IMPLICIT_RETAIN_SELF = YES;
				CLANG_WARN_OBJC_LITERAL_CONVERSION = YES;
				CLANG_WARN_OBJC_ROOT_CLASS = YES_ERROR;
				CLANG_WARN_QUOTED_INCLUDE_IN_FRAMEWORK_HEADER = YES;
				CLANG_WARN_RANGE_LOOP_ANALYSIS = YES;
				CLANG_WARN_STRICT_PROTOTYPES = YES;
				CLANG_WARN_SUSPICIOUS_MOVE = YES;
				CLANG_WARN_UNGUARDED_AVAILABILITY = YES_AGGRESSIVE;
				CLANG_WARN_UNREACHABLE_CODE = YES;
				CLANG_WARN__DUPLICATE_METHOD_MATCH = YES;
				COPY_PHASE_STRIP = NO;
				CURRENT_PROJECT_VERSION = 1;
				DEBUG_INFORMATION_FORMAT = dwarf;
				ENABLE_STRICT_OBJC_MSGSEND = YES;
				ENABLE_TESTABILITY = YES;
				GCC_C_LANGUAGE_STANDARD = gnu11;
				GCC_DYNAMIC_NO_PIC = NO;
				GCC_NO_COMMON_BLOCKS = YES;
				GCC_OPTIMIZATION_LEVEL = 0;
				GCC_PREPROCESSOR_DEFINITIONS = (
					"DEBUG=1",
					"$(inherited)",
				);
				GCC_WARN_64_TO_32_BIT_CONVERSION = YES;
				GCC_WARN_ABOUT_RETURN_TYPE = YES_ERROR;
				GCC_WARN_UNDECLARED_SELECTOR = YES;
				GCC_WARN_UNINITIALIZED_AUTOS = YES_AGGRESSIVE;
				GCC_WARN_UNUSED_FUNCTION = YES;
				GCC_WARN_UNUSED_VARIABLE = YES;
				IPHONEOS_DEPLOYMENT_TARGET = 16.4;
				MTL_ENABLE_DEBUG_INFO = INCLUDE_SOURCE;
				MTL_FAST_MATH = YES;
				ONLY_ACTIVE_ARCH = YES;
				SDKROOT = iphoneos;
				SWIFT_ACTIVE_COMPILATION_CONDITIONS = DEBUG;
				SWIFT_OPTIMIZATION_LEVEL = "-Onone";
				VERSIONING_SYSTEM = "apple-generic";
				VERSION_INFO_PREFIX = "";
			};
			name = Debug;
		};
		A08CD7E42AD5369E0039D5EB /* Release */ = {
			isa = XCBuildConfiguration;
			buildSettings = {
				ALWAYS_SEARCH_USER_PATHS = NO;
				CLANG_ANALYZER_NONNULL = YES;
				CLANG_ANALYZER_NUMBER_OBJECT_CONVERSION = YES_AGGRESSIVE;
				CLANG_CXX_LANGUAGE_STANDARD = "gnu++20";
				CLANG_ENABLE_MODULES = YES;
				CLANG_ENABLE_OBJC_ARC = YES;
				CLANG_ENABLE_OBJC_WEAK = YES;
				CLANG_WARN_BLOCK_CAPTURE_AUTORELEASING = YES;
				CLANG_WARN_BOOL_CONVERSION = YES;
				CLANG_WARN_COMMA = YES;
				CLANG_WARN_CONSTANT_CONVERSION = YES;
				CLANG_WARN_DEPRECATED_OBJC_IMPLEMENTATIONS = YES;
				CLANG_WARN_DIRECT_OBJC_ISA_USAGE = YES_ERROR;
				CLANG_WARN_DOCUMENTATION_COMMENTS = YES;
				CLANG_WARN_EMPTY_BODY = YES;
				CLANG_WARN_ENUM_CONVERSION = YES;
				CLANG_WARN_INFINITE_RECURSION = YES;
				CLANG_WARN_INT_CONVERSION = YES;
				CLANG_WARN_NON_LITERAL_NULL_CONVERSION = YES;
				CLANG_WARN_OBJC_IMPLICIT_RETAIN_SELF = YES;
				CLANG_WARN_OBJC_LITERAL_CONVERSION = YES;
				CLANG_WARN_OBJC_ROOT_CLASS = YES_ERROR;
				CLANG_WARN_QUOTED_INCLUDE_IN_FRAMEWORK_HEADER = YES;
				CLANG_WARN_RANGE_LOOP_ANALYSIS = YES;
				CLANG_WARN_STRICT_PROTOTYPES = YES;
				CLANG_WARN_SUSPICIOUS_MOVE = YES;
				CLANG_WARN_UNGUARDED_AVAILABILITY = YES_AGGRESSIVE;
				CLANG_WARN_UNREACHABLE_CODE = YES;
				CLANG_WARN__DUPLICATE_METHOD_MATCH = YES;
				COPY_PHASE_STRIP = NO;
				CURRENT_PROJECT_VERSION = 1;
				DEBUG_INFORMATION_FORMAT = "dwarf-with-dsym";
				ENABLE_NS_ASSERTIONS = NO;
				ENABLE_STRICT_OBJC_MSGSEND = YES;
				GCC_C_LANGUAGE_STANDARD = gnu11;
				GCC_NO_COMMON_BLOCKS = YES;
				GCC_WARN_64_TO_32_BIT_CONVERSION = YES;
				GCC_WARN_ABOUT_RETURN_TYPE = YES_ERROR;
				GCC_WARN_UNDECLARED_SELECTOR = YES;
				GCC_WARN_UNINITIALIZED_AUTOS = YES_AGGRESSIVE;
				GCC_WARN_UNUSED_FUNCTION = YES;
				GCC_WARN_UNUSED_VARIABLE = YES;
				IPHONEOS_DEPLOYMENT_TARGET = 16.4;
				MTL_ENABLE_DEBUG_INFO = NO;
				MTL_FAST_MATH = YES;
				SDKROOT = iphoneos;
				SWIFT_COMPILATION_MODE = wholemodule;
				SWIFT_OPTIMIZATION_LEVEL = "-O";
				VALIDATE_PRODUCT = YES;
				VERSIONING_SYSTEM = "apple-generic";
				VERSION_INFO_PREFIX = "";
			};
			name = Release;
		};
		A08CD7E62AD5369E0039D5EB /* Debug */ = {
			isa = XCBuildConfiguration;
			baseConfigurationReference = 3DC21D449CFCF07F7A6C8274 /* Pods-Cart.debug.xcconfig */;
			buildSettings = {
				CODE_SIGN_STYLE = Automatic;
				CURRENT_PROJECT_VERSION = 1;
				DEFINES_MODULE = YES;
				DEVELOPMENT_TEAM = URQ4YHQ5W9;
				DYLIB_COMPATIBILITY_VERSION = 1;
				DYLIB_CURRENT_VERSION = 1;
				DYLIB_INSTALL_NAME_BASE = "@rpath";
				ENABLE_MODULE_VERIFIER = YES;
				GENERATE_INFOPLIST_FILE = YES;
				INFOPLIST_KEY_NSHumanReadableCopyright = "";
				INSTALL_PATH = "$(LOCAL_LIBRARY_DIR)/Frameworks";
				LD_RUNPATH_SEARCH_PATHS = (
					"$(inherited)",
					"@executable_path/Frameworks",
					"@loader_path/Frameworks",
				);
				MARKETING_VERSION = 1.0;
				MODULE_VERIFIER_SUPPORTED_LANGUAGES = "objective-c objective-c++";
				MODULE_VERIFIER_SUPPORTED_LANGUAGE_STANDARDS = "gnu11 gnu++20";
				PRODUCT_BUNDLE_IDENTIFIER = com.dicoding.acedemy.Cart;
				PRODUCT_NAME = "$(TARGET_NAME:c99extidentifier)";
				SKIP_INSTALL = YES;
				SWIFT_EMIT_LOC_STRINGS = YES;
				SWIFT_VERSION = 5.0;
				TARGETED_DEVICE_FAMILY = "1,2";
			};
			name = Debug;
		};
		A08CD7E72AD5369E0039D5EB /* Release */ = {
			isa = XCBuildConfiguration;
			baseConfigurationReference = 062A357773D3C87F2D5C5A5F /* Pods-Cart.release.xcconfig */;
			buildSettings = {
				CODE_SIGN_STYLE = Automatic;
				CURRENT_PROJECT_VERSION = 1;
				DEFINES_MODULE = YES;
				DEVELOPMENT_TEAM = URQ4YHQ5W9;
				DYLIB_COMPATIBILITY_VERSION = 1;
				DYLIB_CURRENT_VERSION = 1;
				DYLIB_INSTALL_NAME_BASE = "@rpath";
				ENABLE_MODULE_VERIFIER = YES;
				GENERATE_INFOPLIST_FILE = YES;
				INFOPLIST_KEY_NSHumanReadableCopyright = "";
				INSTALL_PATH = "$(LOCAL_LIBRARY_DIR)/Frameworks";
				LD_RUNPATH_SEARCH_PATHS = (
					"$(inherited)",
					"@executable_path/Frameworks",
					"@loader_path/Frameworks",
				);
				MARKETING_VERSION = 1.0;
				MODULE_VERIFIER_SUPPORTED_LANGUAGES = "objective-c objective-c++";
				MODULE_VERIFIER_SUPPORTED_LANGUAGE_STANDARDS = "gnu11 gnu++20";
				PRODUCT_BUNDLE_IDENTIFIER = com.dicoding.acedemy.Cart;
				PRODUCT_NAME = "$(TARGET_NAME:c99extidentifier)";
				SKIP_INSTALL = YES;
				SWIFT_EMIT_LOC_STRINGS = YES;
				SWIFT_VERSION = 5.0;
				TARGETED_DEVICE_FAMILY = "1,2";
			};
			name = Release;
		};
/* End XCBuildConfiguration section */

/* Begin XCConfigurationList section */
		A08CD7D62AD5369E0039D5EB /* Build configuration list for PBXProject "Cart" */ = {
			isa = XCConfigurationList;
			buildConfigurations = (
				A08CD7E32AD5369E0039D5EB /* Debug */,
				A08CD7E42AD5369E0039D5EB /* Release */,
			);
			defaultConfigurationIsVisible = 0;
			defaultConfigurationName = Release;
		};
		A08CD7E52AD5369E0039D5EB /* Build configuration list for PBXNativeTarget "Cart" */ = {
			isa = XCConfigurationList;
			buildConfigurations = (
				A08CD7E62AD5369E0039D5EB /* Debug */,
				A08CD7E72AD5369E0039D5EB /* Release */,
			);
			defaultConfigurationIsVisible = 0;
			defaultConfigurationName = Release;
		};
/* End XCConfigurationList section */
	};
	rootObject = A08CD7D32AD5369E0039D5EB /* Project object */;
}
